
Microsoft Visual Studio Solution File, Format Version 12.00
# Visual Studio 15
VisualStudioVersion = 15.0.28010.2003
MinimumVisualStudioVersion = 10.0.40219.1
Project("{FAE04EC0-301F-11D3-BF4B-00C04F79EFBC}") = "CaritasAPI2", "CaritasAPI2\CaritasAPI2.csproj", "{31452B4D-0735-40DA-BA9D-0B56810B63FA}"
EndProject
Global
	GlobalSection(SolutionConfigurationPlatforms) = preSolution
		Debug|Any CPU = Debug|Any CPU
		Release|Any CPU = Release|Any CPU
	EndGlobalSection
	GlobalSection(ProjectConfigurationPlatforms) = postSolution
		{31452B4D-0735-40DA-BA9D-0B56810B63FA}.Debug|Any CPU.ActiveCfg = Debug|Any CPU
		{31452B4D-0735-40DA-BA9D-0B56810B63FA}.Debug|Any CPU.Build.0 = Debug|Any CPU
		{31452B4D-0735-40DA-BA9D-0B56810B63FA}.Release|Any CPU.ActiveCfg = Release|Any CPU
		{31452B4D-0735-40DA-BA9D-0B56810B63FA}.Release|Any CPU.Build.0 = Release|Any CPU
	EndGlobalSection
	GlobalSection(SolutionProperties) = preSolution
		HideSolutionNode = FALSE
	EndGlobalSection
	GlobalSection(ExtensibilityGlobals) = postSolution
		SolutionGuid = {0AAA53AE-344F-4E87-A2FD-DAD3A4E7BE9E}
	EndGlobalSection
EndGlobal
